
Microsoft Visual Studio Solution File, Format Version 12.00
# Visual Studio Version 16
VisualStudioVersion = 16.0.30114.105
MinimumVisualStudioVersion = 10.0.40219.1
Project("{FAE04EC0-301F-11D3-BF4B-00C04F79EFBC}") = "ProgramManagerStudent", "ProgramManagerStudent\ProgramManagerStudent.csproj", "{0379B0F0-F588-4819-AF09-56990C261C77}"
EndProject
Global
	GlobalSection(SolutionConfigurationPlatforms) = preSolution
		Debug|Any CPU = Debug|Any CPU
		Release|Any CPU = Release|Any CPU
	EndGlobalSection
	GlobalSection(ProjectConfigurationPlatforms) = postSolution
		{0379B0F0-F588-4819-AF09-56990C261C77}.Debug|Any CPU.ActiveCfg = Debug|Any CPU
		{0379B0F0-F588-4819-AF09-56990C261C77}.Debug|Any CPU.Build.0 = Debug|Any CPU
		{0379B0F0-F588-4819-AF09-56990C261C77}.Release|Any CPU.ActiveCfg = Release|Any CPU
		{0379B0F0-F588-4819-AF09-56990C261C77}.Release|Any CPU.Build.0 = Release|Any CPU
	EndGlobalSection
	GlobalSection(SolutionProperties) = preSolution
		HideSolutionNode = FALSE
	EndGlobalSection
	GlobalSection(ExtensibilityGlobals) = postSolution
		SolutionGuid = {457ADDD3-8780-40D2-82EF-AA0114B0F3FF}
	EndGlobalSection
EndGlobal
